
Microsoft Visual Studio Solution File, Format Version 12.00
# Visual Studio 2013
VisualStudioVersion = 12.0.31101.0
MinimumVisualStudioVersion = 10.0.40219.1
Project("{2150E333-8FDC-42A3-9474-1A3956D46DE8}") = ".nuget", ".nuget", "{CFC734DE-9436-4805-945E-5BE34990A839}"
	ProjectSection(SolutionItems) = preProject
		.nuget\NuGet.Config = .nuget\NuGet.Config
	EndProjectSection
EndProject
Project("{F2A71F9B-5D33-465A-A702-920D77279786}") = "Gacho.Forms", "src\Gacho.Forms\Gacho.Forms.fsproj", "{DD1C2744-4EFC-4BE8-B7F2-3ED18C388E42}"
EndProject
Project("{F2A71F9B-5D33-465A-A702-920D77279786}") = "Gacho.Forms.Tests", "tests\Gacho.Forms.Tests\Gacho.Forms.Tests.fsproj", "{2FCC4E5D-8BEB-4B8F-89F5-CD90D387EC5C}"
EndProject
Project("{2150E333-8FDC-42A3-9474-1A3956D46DE8}") = "src", "src", "{6A6E01E5-B550-4EB4-B137-256817279B1A}"
EndProject
Project("{2150E333-8FDC-42A3-9474-1A3956D46DE8}") = "tests", "tests", "{2922BD18-2751-4728-B5DF-D53C9F96B6B1}"
EndProject
Project("{F2A71F9B-5D33-465A-A702-920D77279786}") = "Gacho.WebForms", "src\Gacho.WebForms\Gacho.WebForms.fsproj", "{1D0598EB-4C68-4999-94B5-67BEF90657E2}"
EndProject
Project("{F2A71F9B-5D33-465A-A702-920D77279786}") = "Gacho.WebForms.Tests", "tests\Gacho.WebForms.Tests\Gacho.WebForms.Tests.fsproj", "{A1EF3639-E61C-4E32-BDFE-1C3D0038A99F}"
EndProject
Project("{F2A71F9B-5D33-465A-A702-920D77279786}") = "Gacho.WinForms.Tests", "tests\Gacho.WinForms.Tests\Gacho.WinForms.Tests.fsproj", "{D751BBC6-0DE8-4D65-9723-3A08C960D67F}"
EndProject
Project("{F2A71F9B-5D33-465A-A702-920D77279786}") = "Gacho.WinForms", "src\Gacho.WinForms\Gacho.WinForms.fsproj", "{2780FF44-2A02-4ABD-874E-3CC9A4F5D70D}"
EndProject
Global
	GlobalSection(SolutionConfigurationPlatforms) = preSolution
		Debug|Any CPU = Debug|Any CPU
		Release|Any CPU = Release|Any CPU
	EndGlobalSection
	GlobalSection(ProjectConfigurationPlatforms) = postSolution
		{DD1C2744-4EFC-4BE8-B7F2-3ED18C388E42}.Debug|Any CPU.ActiveCfg = Debug|Any CPU
		{DD1C2744-4EFC-4BE8-B7F2-3ED18C388E42}.Debug|Any CPU.Build.0 = Debug|Any CPU
		{DD1C2744-4EFC-4BE8-B7F2-3ED18C388E42}.Release|Any CPU.ActiveCfg = Release|Any CPU
		{DD1C2744-4EFC-4BE8-B7F2-3ED18C388E42}.Release|Any CPU.Build.0 = Release|Any CPU
		{2FCC4E5D-8BEB-4B8F-89F5-CD90D387EC5C}.Debug|Any CPU.ActiveCfg = Debug|Any CPU
		{2FCC4E5D-8BEB-4B8F-89F5-CD90D387EC5C}.Debug|Any CPU.Build.0 = Debug|Any CPU
		{2FCC4E5D-8BEB-4B8F-89F5-CD90D387EC5C}.Release|Any CPU.ActiveCfg = Release|Any CPU
		{2FCC4E5D-8BEB-4B8F-89F5-CD90D387EC5C}.Release|Any CPU.Build.0 = Release|Any CPU
		{1D0598EB-4C68-4999-94B5-67BEF90657E2}.Debug|Any CPU.ActiveCfg = Debug|Any CPU
		{1D0598EB-4C68-4999-94B5-67BEF90657E2}.Debug|Any CPU.Build.0 = Debug|Any CPU
		{1D0598EB-4C68-4999-94B5-67BEF90657E2}.Release|Any CPU.ActiveCfg = Release|Any CPU
		{1D0598EB-4C68-4999-94B5-67BEF90657E2}.Release|Any CPU.Build.0 = Release|Any CPU
		{A1EF3639-E61C-4E32-BDFE-1C3D0038A99F}.Debug|Any CPU.ActiveCfg = Debug|Any CPU
		{A1EF3639-E61C-4E32-BDFE-1C3D0038A99F}.Debug|Any CPU.Build.0 = Debug|Any CPU
		{A1EF3639-E61C-4E32-BDFE-1C3D0038A99F}.Release|Any CPU.ActiveCfg = Release|Any CPU
		{A1EF3639-E61C-4E32-BDFE-1C3D0038A99F}.Release|Any CPU.Build.0 = Release|Any CPU
		{D751BBC6-0DE8-4D65-9723-3A08C960D67F}.Debug|Any CPU.ActiveCfg = Debug|Any CPU
		{D751BBC6-0DE8-4D65-9723-3A08C960D67F}.Debug|Any CPU.Build.0 = Debug|Any CPU
		{D751BBC6-0DE8-4D65-9723-3A08C960D67F}.Release|Any CPU.ActiveCfg = Release|Any CPU
		{D751BBC6-0DE8-4D65-9723-3A08C960D67F}.Release|Any CPU.Build.0 = Release|Any CPU
		{2780FF44-2A02-4ABD-874E-3CC9A4F5D70D}.Debug|Any CPU.ActiveCfg = Debug|Any CPU
		{2780FF44-2A02-4ABD-874E-3CC9A4F5D70D}.Debug|Any CPU.Build.0 = Debug|Any CPU
		{2780FF44-2A02-4ABD-874E-3CC9A4F5D70D}.Release|Any CPU.ActiveCfg = Release|Any CPU
		{2780FF44-2A02-4ABD-874E-3CC9A4F5D70D}.Release|Any CPU.Build.0 = Release|Any CPU
	EndGlobalSection
	GlobalSection(SolutionProperties) = preSolution
		HideSolutionNode = FALSE
	EndGlobalSection
	GlobalSection(NestedProjects) = preSolution
		{DD1C2744-4EFC-4BE8-B7F2-3ED18C388E42} = {6A6E01E5-B550-4EB4-B137-256817279B1A}
		{2FCC4E5D-8BEB-4B8F-89F5-CD90D387EC5C} = {2922BD18-2751-4728-B5DF-D53C9F96B6B1}
		{1D0598EB-4C68-4999-94B5-67BEF90657E2} = {6A6E01E5-B550-4EB4-B137-256817279B1A}
		{A1EF3639-E61C-4E32-BDFE-1C3D0038A99F} = {2922BD18-2751-4728-B5DF-D53C9F96B6B1}
		{D751BBC6-0DE8-4D65-9723-3A08C960D67F} = {2922BD18-2751-4728-B5DF-D53C9F96B6B1}
		{2780FF44-2A02-4ABD-874E-3CC9A4F5D70D} = {6A6E01E5-B550-4EB4-B137-256817279B1A}
	EndGlobalSection
EndGlobal
